
Microsoft Visual Studio Solution File, Format Version 12.00
# Visual Studio Version 16
VisualStudioVersion = 16.0.32901.82
MinimumVisualStudioVersion = 10.0.40219.1
Project("{FAE04EC0-301F-11D3-BF4B-00C04F79EFBC}") = "QRCode reader.Android", "QRCode reader\QRCode reader.Android\QRCode reader.Android.csproj", "{3BF4C3DE-33F1-4A41-A130-3EB3273795BF}"
EndProject
Project("{FAE04EC0-301F-11D3-BF4B-00C04F79EFBC}") = "QRCode reader.iOS", "QRCode reader\QRCode reader.iOS\QRCode reader.iOS.csproj", "{814B5671-4A39-43DC-AA5C-8CD4FF4A0596}"
EndProject
Project("{FAE04EC0-301F-11D3-BF4B-00C04F79EFBC}") = "QRCode reader", "QRCode reader\QRCode reader\QRCode reader.csproj", "{D20A09D9-766F-4E9E-8886-5EADCBA2C0E2}"
EndProject
Global
	GlobalSection(SolutionConfigurationPlatforms) = preSolution
		Debug|Any CPU = Debug|Any CPU
		Debug|iPhone = Debug|iPhone
		Debug|iPhoneSimulator = Debug|iPhoneSimulator
		Release|Any CPU = Release|Any CPU
		Release|iPhone = Release|iPhone
		Release|iPhoneSimulator = Release|iPhoneSimulator
	EndGlobalSection
	GlobalSection(ProjectConfigurationPlatforms) = postSolution
		{3BF4C3DE-33F1-4A41-A130-3EB3273795BF}.Debug|Any CPU.ActiveCfg = Debug|Any CPU
		{3BF4C3DE-33F1-4A41-A130-3EB3273795BF}.Debug|Any CPU.Build.0 = Debug|Any CPU
		{3BF4C3DE-33F1-4A41-A130-3EB3273795BF}.Debug|Any CPU.Deploy.0 = Debug|Any CPU
		{3BF4C3DE-33F1-4A41-A130-3EB3273795BF}.Debug|iPhone.ActiveCfg = Debug|Any CPU
		{3BF4C3DE-33F1-4A41-A130-3EB3273795BF}.Debug|iPhone.Build.0 = Debug|Any CPU
		{3BF4C3DE-33F1-4A41-A130-3EB3273795BF}.Debug|iPhone.Deploy.0 = Debug|Any CPU
		{3BF4C3DE-33F1-4A41-A130-3EB3273795BF}.Debug|iPhoneSimulator.ActiveCfg = Debug|Any CPU
		{3BF4C3DE-33F1-4A41-A130-3EB3273795BF}.Debug|iPhoneSimulator.Build.0 = Debug|Any CPU
		{3BF4C3DE-33F1-4A41-A130-3EB3273795BF}.Debug|iPhoneSimulator.Deploy.0 = Debug|Any CPU
		{3BF4C3DE-33F1-4A41-A130-3EB3273795BF}.Release|Any CPU.ActiveCfg = Release|Any CPU
		{3BF4C3DE-33F1-4A41-A130-3EB3273795BF}.Release|Any CPU.Build.0 = Release|Any CPU
		{3BF4C3DE-33F1-4A41-A130-3EB3273795BF}.Release|Any CPU.Deploy.0 = Release|Any CPU
		{3BF4C3DE-33F1-4A41-A130-3EB3273795BF}.Release|iPhone.ActiveCfg = Release|Any CPU
		{3BF4C3DE-33F1-4A41-A130-3EB3273795BF}.Release|iPhone.Build.0 = Release|Any CPU
		{3BF4C3DE-33F1-4A41-A130-3EB3273795BF}.Release|iPhone.Deploy.0 = Release|Any CPU
		{3BF4C3DE-33F1-4A41-A130-3EB3273795BF}.Release|iPhoneSimulator.ActiveCfg = Release|Any CPU
		{3BF4C3DE-33F1-4A41-A130-3EB3273795BF}.Release|iPhoneSimulator.Build.0 = Release|Any CPU
		{3BF4C3DE-33F1-4A41-A130-3EB3273795BF}.Release|iPhoneSimulator.Deploy.0 = Release|Any CPU
		{814B5671-4A39-43DC-AA5C-8CD4FF4A0596}.Debug|Any CPU.ActiveCfg = Debug|iPhone
		{814B5671-4A39-43DC-AA5C-8CD4FF4A0596}.Debug|Any CPU.Build.0 = Debug|iPhone
		{814B5671-4A39-43DC-AA5C-8CD4FF4A0596}.Debug|Any CPU.Deploy.0 = Debug|iPhone
		{814B5671-4A39-43DC-AA5C-8CD4FF4A0596}.Debug|iPhone.ActiveCfg = Debug|iPhone
		{814B5671-4A39-43DC-AA5C-8CD4FF4A0596}.Debug|iPhone.Build.0 = Debug|iPhone
		{814B5671-4A39-43DC-AA5C-8CD4FF4A0596}.Debug|iPhone.Deploy.0 = Debug|iPhone
		{814B5671-4A39-43DC-AA5C-8CD4FF4A0596}.Debug|iPhoneSimulator.ActiveCfg = Debug|iPhoneSimulator
		{814B5671-4A39-43DC-AA5C-8CD4FF4A0596}.Debug|iPhoneSimulator.Build.0 = Debug|iPhoneSimulator
		{814B5671-4A39-43DC-AA5C-8CD4FF4A0596}.Debug|iPhoneSimulator.Deploy.0 = Debug|iPhoneSimulator
		{814B5671-4A39-43DC-AA5C-8CD4FF4A0596}.Release|Any CPU.ActiveCfg = Release|iPhoneSimulator
		{814B5671-4A39-43DC-AA5C-8CD4FF4A0596}.Release|Any CPU.Build.0 = Release|iPhoneSimulator
		{814B5671-4A39-43DC-AA5C-8CD4FF4A0596}.Release|Any CPU.Deploy.0 = Release|iPhoneSimulator
		{814B5671-4A39-43DC-AA5C-8CD4FF4A0596}.Release|iPhone.ActiveCfg = Release|iPhone
		{814B5671-4A39-43DC-AA5C-8CD4FF4A0596}.Release|iPhone.Build.0 = Release|iPhone
		{814B5671-4A39-43DC-AA5C-8CD4FF4A0596}.Release|iPhone.Deploy.0 = Release|iPhone
		{814B5671-4A39-43DC-AA5C-8CD4FF4A0596}.Release|iPhoneSimulator.ActiveCfg = Release|iPhoneSimulator
		{814B5671-4A39-43DC-AA5C-8CD4FF4A0596}.Release|iPhoneSimulator.Build.0 = Release|iPhoneSimulator
		{814B5671-4A39-43DC-AA5C-8CD4FF4A0596}.Release|iPhoneSimulator.Deploy.0 = Release|iPhoneSimulator
		{D20A09D9-766F-4E9E-8886-5EADCBA2C0E2}.Debug|Any CPU.ActiveCfg = Debug|Any CPU
		{D20A09D9-766F-4E9E-8886-5EADCBA2C0E2}.Debug|Any CPU.Build.0 = Debug|Any CPU
		{D20A09D9-766F-4E9E-8886-5EADCBA2C0E2}.Debug|Any CPU.Deploy.0 = Debug|Any CPU
		{D20A09D9-766F-4E9E-8886-5EADCBA2C0E2}.Debug|iPhone.ActiveCfg = Debug|Any CPU
		{D20A09D9-766F-4E9E-8886-5EADCBA2C0E2}.Debug|iPhone.Build.0 = Debug|Any CPU
		{D20A09D9-766F-4E9E-8886-5EADCBA2C0E2}.Debug|iPhone.Deploy.0 = Debug|Any CPU
		{D20A09D9-766F-4E9E-8886-5EADCBA2C0E2}.Debug|iPhoneSimulator.ActiveCfg = Debug|Any CPU
		{D20A09D9-766F-4E9E-8886-5EADCBA2C0E2}.Debug|iPhoneSimulator.Build.0 = Debug|Any CPU
		{D20A09D9-766F-4E9E-8886-5EADCBA2C0E2}.Debug|iPhoneSimulator.Deploy.0 = Debug|Any CPU
		{D20A09D9-766F-4E9E-8886-5EADCBA2C0E2}.Release|Any CPU.ActiveCfg = Release|Any CPU
		{D20A09D9-766F-4E9E-8886-5EADCBA2C0E2}.Release|Any CPU.Build.0 = Release|Any CPU
		{D20A09D9-766F-4E9E-8886-5EADCBA2C0E2}.Release|Any CPU.Deploy.0 = Release|Any CPU
		{D20A09D9-766F-4E9E-8886-5EADCBA2C0E2}.Release|iPhone.ActiveCfg = Release|Any CPU
		{D20A09D9-766F-4E9E-8886-5EADCBA2C0E2}.Release|iPhone.Build.0 = Release|Any CPU
		{D20A09D9-766F-4E9E-8886-5EADCBA2C0E2}.Release|iPhone.Deploy.0 = Release|Any CPU
		{D20A09D9-766F-4E9E-8886-5EADCBA2C0E2}.Release|iPhoneSimulator.ActiveCfg = Release|Any CPU
		{D20A09D9-766F-4E9E-8886-5EADCBA2C0E2}.Release|iPhoneSimulator.Build.0 = Release|Any CPU
		{D20A09D9-766F-4E9E-8886-5EADCBA2C0E2}.Release|iPhoneSimulator.Deploy.0 = Release|Any CPU
	EndGlobalSection
	GlobalSection(SolutionProperties) = preSolution
		HideSolutionNode = FALSE
	EndGlobalSection
	GlobalSection(ExtensibilityGlobals) = postSolution
		SolutionGuid = {BD2DDB3C-36E6-46D7-986E-2079083934B7}
	EndGlobalSection
EndGlobal
